
Microsoft Visual Studio Solution File, Format Version 12.00
# Visual Studio 2012
Project("{FAE04EC0-301F-11D3-BF4B-00C04F79EFBC}") = "ChocobotWPF", "ChocobotWPF\ChocobotWPF.csproj", "{FE08B02F-1656-43E8-8D3E-DAE0BCB41067}"
EndProject
Global
	GlobalSection(SolutionConfigurationPlatforms) = preSolution
		Debug|Any CPU = Debug|Any CPU
		Release|Any CPU = Release|Any CPU
	EndGlobalSection
	GlobalSection(ProjectConfigurationPlatforms) = postSolution
		{FE08B02F-1656-43E8-8D3E-DAE0BCB41067}.Debug|Any CPU.ActiveCfg = Debug|Any CPU
		{FE08B02F-1656-43E8-8D3E-DAE0BCB41067}.Debug|Any CPU.Build.0 = Debug|Any CPU
		{FE08B02F-1656-43E8-8D3E-DAE0BCB41067}.Release|Any CPU.ActiveCfg = Release|Any CPU
		{FE08B02F-1656-43E8-8D3E-DAE0BCB41067}.Release|Any CPU.Build.0 = Release|Any CPU
	EndGlobalSection
	GlobalSection(SolutionProperties) = preSolution
		HideSolutionNode = FALSE
	EndGlobalSection
EndGlobal
